<?xml version="1.0" encoding="utf-8"?>
<Project ToolsVersion="4.0" xmlns="http://schemas.microsoft.com/developer/msbuild/2003">
  <ItemGroup>
    <Filter Include="Source Files">
      <UniqueIdentifier>{4FC737F1-C7A5-4376-A066-2A32D752A2FF}</UniqueIdentifier>
      <Extensions>cpp;c;cc;cxx;def;odl;idl;hpj;bat;asm;asmx</Extensions>
    </Filter>
    <Filter Include="Header Files">
      <UniqueIdentifier>{93995380-89BD-4b04-88EB-625FBE52EBFB}</UniqueIdentifier>
      <Extensions>h;hh;hpp;hxx;hm;inl;inc;xsd</Extensions>
    </Filter>
    <Filter Include="Resource Files">
      <UniqueIdentifier>{67DA6AB6-F800-4c08-8B7A-83BB121AAD01}</UniqueIdentifier>
      <Extensions>rc;ico;cur;bmp;dlg;rc2;rct;bin;rgs;gif;jpg;jpeg;jpe;resx;tiff;tif;png;wav;mfcribbon-ms</Extensions>
    </Filter>
    <Filter Include="Resource Files\BRFImporterLib">
      <UniqueIdentifier>{383426b4-abbc-4e81-bcf1-f4ad9d537cb2}</UniqueIdentifier>
    </Filter>
    <Filter Include="Resource Files\BRFImporterLib\Fetch">
      <UniqueIdentifier>{7ce88662-fc89-4e63-b02b-3e5f7ea34ebc}</UniqueIdentifier>
    </Filter>
    <Filter Include="Resource Files\BRFImporterStructs">
      <UniqueIdentifier>{0a344d04-884f-48d2-92d8-0b685727ff95}</UniqueIdentifier>
    </Filter>
    <Filter Include="Resource Files\BRFImporterLib\FileData">
      <UniqueIdentifier>{792d41de-5ae0-4f16-ac18-e928d0497a97}</UniqueIdentifier>
    </Filter>
    <Filter Include="Resource Files\BRFImporterLib\MeshData">
      <UniqueIdentifier>{e52bebd6-9ce6-4e72-8639-ab89c9db0b52}</UniqueIdentifier>
    </Filter>
    <Filter Include="Resource Files\BRFImporterLib\LightData">
      <UniqueIdentifier>{2f7b8f6e-7906-41db-b253-abcb122576c0}</UniqueIdentifier>
    </Filter>
    <Filter Include="Resource Files\BRFImporterLib\MaterialData">
      <UniqueIdentifier>{8f98571c-520b-4b5e-8f81-980549eeb393}</UniqueIdentifier>
    </Filter>
    <Filter Include="Resource Files\BRFImporterLib\SkeletonData">
      <UniqueIdentifier>{08cd8af9-3437-4de3-a624-25377cf5cb43}</UniqueIdentifier>
    </Filter>
    <Filter Include="Resource Files\BRFImporterLib\MorphData">
      <UniqueIdentifier>{775a9a97-83ef-461a-be9e-e1fec9179ec7}</UniqueIdentifier>
    </Filter>
  </ItemGroup>
  <ItemGroup>
    <Text Include="ReadMe.txt" />
  </ItemGroup>
  <ItemGroup>
    <ClInclude Include="Fetch.h">
      <Filter>Resource Files\BRFImporterLib\Fetch</Filter>
    </ClInclude>
    <ClInclude Include="FileData.h">
      <Filter>Resource Files\BRFImporterLib\FileData</Filter>
    </ClInclude>
    <ClInclude Include="MeshData.h">
      <Filter>Resource Files\BRFImporterLib\MeshData</Filter>
    </ClInclude>
    <ClInclude Include="BRFImporterStructs.h">
      <Filter>Resource Files\BRFImporterStructs</Filter>
    </ClInclude>
    <ClInclude Include="LightData.h">
      <Filter>Resource Files\BRFImporterLib\LightData</Filter>
    </ClInclude>
    <ClInclude Include="MaterialData.h">
      <Filter>Resource Files\BRFImporterLib\MaterialData</Filter>
    </ClInclude>
    <ClInclude Include="SkeletonData.h">
      <Filter>Resource Files\BRFImporterLib\SkeletonData</Filter>
    </ClInclude>
    <ClInclude Include="MorphData.h">
      <Filter>Resource Files\BRFImporterLib\MorphData</Filter>
    </ClInclude>
  </ItemGroup>
  <ItemGroup>
    <ClCompile Include="Fetch.cpp">
      <Filter>Resource Files\BRFImporterLib\Fetch</Filter>
    </ClCompile>
    <ClCompile Include="FileData.cpp">
      <Filter>Resource Files\BRFImporterLib\FileData</Filter>
    </ClCompile>
    <ClCompile Include="MeshData.cpp">
      <Filter>Resource Files\BRFImporterLib\MeshData</Filter>
    </ClCompile>
    <ClCompile Include="LightData.cpp">
      <Filter>Resource Files\BRFImporterLib\LightData</Filter>
    </ClCompile>
    <ClCompile Include="MaterialData.cpp">
      <Filter>Resource Files\BRFImporterLib\MaterialData</Filter>
    </ClCompile>
    <ClCompile Include="SkeletonData.cpp">
      <Filter>Resource Files\BRFImporterLib\SkeletonData</Filter>
    </ClCompile>
    <ClCompile Include="MorphData.cpp">
      <Filter>Resource Files\BRFImporterLib\MorphData</Filter>
    </ClCompile>
  </ItemGroup>
</Project>