<?xml version="1.0" encoding="utf-8"?>
<Project ToolsVersion="14.0" xmlns="http://schemas.microsoft.com/developer/msbuild/2003">
  <ItemGroup>
    <Filter Include="Resource Files">
      <UniqueIdentifier>{67DA6AB6-F800-4c08-8B7A-83BB121AAD01}</UniqueIdentifier>
      <Extensions>rc;ico;cur;bmp;dlg;rc2;rct;bin;rgs;gif;jpg;jpeg;jpe;resx;tga;tiff;tif;png;wav;mfcribbon-ms</Extensions>
    </Filter>
    <Filter Include="Headers">
      <UniqueIdentifier>{649045c1-e576-42fe-82c3-fd081cd99467}</UniqueIdentifier>
    </Filter>
    <Filter Include="Resource Files\BRFImporterClass">
      <UniqueIdentifier>{a4fe0f6f-bea1-4ac6-bc1e-00bb463f1fbe}</UniqueIdentifier>
    </Filter>
    <Filter Include="Resource Files\Fetch">
      <UniqueIdentifier>{9ab4987a-978e-4901-83a3-83b7cad2af1d}</UniqueIdentifier>
    </Filter>
    <Filter Include="Resource Files\Fetch\MeshData">
      <UniqueIdentifier>{f5021be9-63d6-402d-b48d-e9caa4c8a5a6}</UniqueIdentifier>
    </Filter>
    <Filter Include="Resource Files\Fetch\LightData">
      <UniqueIdentifier>{c7499554-b435-4928-87b4-b1679494ff30}</UniqueIdentifier>
    </Filter>
    <Filter Include="Resource Files\Fetch\MaterialData">
      <UniqueIdentifier>{d4e613ae-c004-43d4-9823-65bc23826d71}</UniqueIdentifier>
    </Filter>
    <Filter Include="Resource Files\Fetch\CameraData">
      <UniqueIdentifier>{6d2fe2c4-c2d1-42a2-8d22-0ece76ebb6ae}</UniqueIdentifier>
    </Filter>
    <Filter Include="Resource Files\Fetch\GroupData">
      <UniqueIdentifier>{c5856310-9b9e-403c-8eec-b98a29bf7350}</UniqueIdentifier>
    </Filter>
    <Filter Include="Resource Files\Fetch\SkeletonData">
      <UniqueIdentifier>{91e63ce2-aa4f-433c-ae18-0cf04770a252}</UniqueIdentifier>
    </Filter>
  </ItemGroup>
  <ItemGroup>
    <ClInclude Include="targetver.h">
      <Filter>Headers</Filter>
    </ClInclude>
    <ClInclude Include="BRFImporterStructs.h">
      <Filter>Headers</Filter>
    </ClInclude>
    <ClInclude Include="BRFImporterClass.h">
      <Filter>Resource Files\BRFImporterClass</Filter>
    </ClInclude>
    <ClInclude Include="Fetch.h">
      <Filter>Resource Files\Fetch</Filter>
    </ClInclude>
    <ClInclude Include="MeshData.h">
      <Filter>Resource Files\Fetch\MeshData</Filter>
    </ClInclude>
    <ClInclude Include="LightData.h">
      <Filter>Resource Files\Fetch\LightData</Filter>
    </ClInclude>
    <ClInclude Include="MaterialData.h">
      <Filter>Resource Files\Fetch\MaterialData</Filter>
    </ClInclude>
    <ClInclude Include="CameraData.h">
      <Filter>Resource Files\Fetch\CameraData</Filter>
    </ClInclude>
    <ClInclude Include="GroupData.h">
      <Filter>Resource Files\Fetch\GroupData</Filter>
    </ClInclude>
    <ClInclude Include="SkeletonData.h">
      <Filter>Resource Files\Fetch\SkeletonData</Filter>
    </ClInclude>
    <ClInclude Include="pch.h">
      <Filter>Headers</Filter>
    </ClInclude>
  </ItemGroup>
  <ItemGroup>
    <ClCompile Include="BRFImporterClass.cpp">
      <Filter>Resource Files\BRFImporterClass</Filter>
    </ClCompile>
    <ClCompile Include="Fetch.cpp">
      <Filter>Resource Files\Fetch</Filter>
    </ClCompile>
    <ClCompile Include="MeshData.cpp">
      <Filter>Resource Files\Fetch\MeshData</Filter>
    </ClCompile>
    <ClCompile Include="LightData.cpp">
      <Filter>Resource Files\Fetch\LightData</Filter>
    </ClCompile>
    <ClCompile Include="MaterialData.cpp">
      <Filter>Resource Files\Fetch\MaterialData</Filter>
    </ClCompile>
    <ClCompile Include="CameraData.cpp">
      <Filter>Resource Files\Fetch\CameraData</Filter>
    </ClCompile>
    <ClCompile Include="GroupData.cpp">
      <Filter>Resource Files\Fetch\GroupData</Filter>
    </ClCompile>
    <ClCompile Include="SkeletonData.cpp">
      <Filter>Resource Files\Fetch\SkeletonData</Filter>
    </ClCompile>
    <ClCompile Include="pch.cpp">
      <Filter>Resource Files\BRFImporterClass</Filter>
    </ClCompile>
  </ItemGroup>
</Project>